
Microsoft Visual Studio Solution File, Format Version 12.00
# Visual Studio Version 16
VisualStudioVersion = 16.0.29009.5
MinimumVisualStudioVersion = 10.0.40219.1
Project("{9A19103F-16F7-4668-BE54-9A1E7A4F7556}") = "Booma.Server.PatchService", "src\Booma.Server.PatchService\Booma.Server.PatchService.csproj", "{E962D00E-D663-4E4E-BE3C-E6E7F5362547}"
EndProject
Project("{2150E333-8FDC-42A3-9474-1A3956D46DE8}") = "src", "src", "{7D9FD5C0-739C-4DA0-9F90-F832CBC90100}"
EndProject
Project("{9A19103F-16F7-4668-BE54-9A1E7A4F7556}") = "Booma.Server.Common", "src\Booma.Server.Common\Booma.Server.Common.csproj", "{21FCF391-498E-4451-89C7-F84840757B83}"
EndProject
Project("{FAE04EC0-301F-11D3-BF4B-00C04F79EFBC}") = "Booma.Server.ServiceDiscoveryService", "src\Booma.Server.ServiceDiscoveryService\Booma.Server.ServiceDiscoveryService.csproj", "{4B54BE67-3255-46F7-A49D-51CBC6F148C3}"
EndProject
Project("{9A19103F-16F7-4668-BE54-9A1E7A4F7556}") = "Booma.Server.LoginService", "src\Booma.Server.LoginService\Booma.Server.LoginService.csproj", "{9D4CF945-A085-4CAC-BB62-15E3ECB4DB7C}"
EndProject
Global
	GlobalSection(SolutionConfigurationPlatforms) = preSolution
		Debug|Any CPU = Debug|Any CPU
		Release|Any CPU = Release|Any CPU
	EndGlobalSection
	GlobalSection(ProjectConfigurationPlatforms) = postSolution
		{E962D00E-D663-4E4E-BE3C-E6E7F5362547}.Debug|Any CPU.ActiveCfg = Debug|Any CPU
		{E962D00E-D663-4E4E-BE3C-E6E7F5362547}.Debug|Any CPU.Build.0 = Debug|Any CPU
		{E962D00E-D663-4E4E-BE3C-E6E7F5362547}.Release|Any CPU.ActiveCfg = Release|Any CPU
		{E962D00E-D663-4E4E-BE3C-E6E7F5362547}.Release|Any CPU.Build.0 = Release|Any CPU
		{21FCF391-498E-4451-89C7-F84840757B83}.Debug|Any CPU.ActiveCfg = Debug|Any CPU
		{21FCF391-498E-4451-89C7-F84840757B83}.Debug|Any CPU.Build.0 = Debug|Any CPU
		{21FCF391-498E-4451-89C7-F84840757B83}.Release|Any CPU.ActiveCfg = Release|Any CPU
		{21FCF391-498E-4451-89C7-F84840757B83}.Release|Any CPU.Build.0 = Release|Any CPU
		{4B54BE67-3255-46F7-A49D-51CBC6F148C3}.Debug|Any CPU.ActiveCfg = Debug|Any CPU
		{4B54BE67-3255-46F7-A49D-51CBC6F148C3}.Debug|Any CPU.Build.0 = Debug|Any CPU
		{4B54BE67-3255-46F7-A49D-51CBC6F148C3}.Release|Any CPU.ActiveCfg = Release|Any CPU
		{4B54BE67-3255-46F7-A49D-51CBC6F148C3}.Release|Any CPU.Build.0 = Release|Any CPU
		{9D4CF945-A085-4CAC-BB62-15E3ECB4DB7C}.Debug|Any CPU.ActiveCfg = Debug|Any CPU
		{9D4CF945-A085-4CAC-BB62-15E3ECB4DB7C}.Debug|Any CPU.Build.0 = Debug|Any CPU
		{9D4CF945-A085-4CAC-BB62-15E3ECB4DB7C}.Release|Any CPU.ActiveCfg = Release|Any CPU
		{9D4CF945-A085-4CAC-BB62-15E3ECB4DB7C}.Release|Any CPU.Build.0 = Release|Any CPU
	EndGlobalSection
	GlobalSection(SolutionProperties) = preSolution
		HideSolutionNode = FALSE
	EndGlobalSection
	GlobalSection(NestedProjects) = preSolution
		{E962D00E-D663-4E4E-BE3C-E6E7F5362547} = {7D9FD5C0-739C-4DA0-9F90-F832CBC90100}
		{21FCF391-498E-4451-89C7-F84840757B83} = {7D9FD5C0-739C-4DA0-9F90-F832CBC90100}
		{4B54BE67-3255-46F7-A49D-51CBC6F148C3} = {7D9FD5C0-739C-4DA0-9F90-F832CBC90100}
		{9D4CF945-A085-4CAC-BB62-15E3ECB4DB7C} = {7D9FD5C0-739C-4DA0-9F90-F832CBC90100}
	EndGlobalSection
	GlobalSection(ExtensibilityGlobals) = postSolution
		SolutionGuid = {146E1F83-8720-4378-8D78-F715F01D7FC3}
	EndGlobalSection
EndGlobal
