
Microsoft Visual Studio Solution File, Format Version 12.00
# Visual Studio Version 16
VisualStudioVersion = 16.0.29009.5
MinimumVisualStudioVersion = 10.0.40219.1
Project("{9A19103F-16F7-4668-BE54-9A1E7A4F7556}") = "Booma.Server.PatchService", "src\Booma.Server.PatchService\Booma.Server.PatchService.csproj", "{E962D00E-D663-4E4E-BE3C-E6E7F5362547}"
EndProject
Project("{2150E333-8FDC-42A3-9474-1A3956D46DE8}") = "src", "src", "{7D9FD5C0-739C-4DA0-9F90-F832CBC90100}"
EndProject
Project("{9A19103F-16F7-4668-BE54-9A1E7A4F7556}") = "Booma.Server.Common", "src\Booma.Server.Common\Booma.Server.Common.csproj", "{21FCF391-498E-4451-89C7-F84840757B83}"
EndProject
Project("{9A19103F-16F7-4668-BE54-9A1E7A4F7556}") = "Booma.Server.ServiceDiscoveryService", "src\Booma.Server.ServiceDiscoveryService\Booma.Server.ServiceDiscoveryService.csproj", "{4B54BE67-3255-46F7-A49D-51CBC6F148C3}"
EndProject
Project("{9A19103F-16F7-4668-BE54-9A1E7A4F7556}") = "Booma.Server.LoginService", "src\Booma.Server.LoginService\Booma.Server.LoginService.csproj", "{9D4CF945-A085-4CAC-BB62-15E3ECB4DB7C}"
EndProject
Project("{9A19103F-16F7-4668-BE54-9A1E7A4F7556}") = "Booma.Server.AuthService", "src\Booma.Server.AuthService\Booma.Server.AuthService.csproj", "{BB823FE5-7E0C-4218-B3AA-D60135212C74}"
EndProject
Project("{9A19103F-16F7-4668-BE54-9A1E7A4F7556}") = "Booma.Server.Game", "src\Booma.Server.Game\Booma.Server.Game.csproj", "{C5AD69AD-9116-4BFD-8F96-137D30A1CE5C}"
EndProject
Project("{9A19103F-16F7-4668-BE54-9A1E7A4F7556}") = "Booma.Server.CharacterService", "src\Booma.Server.CharacterService\Booma.Server.CharacterService.csproj", "{113C3B67-E255-4E47-AD25-4387A02E3181}"
EndProject
Project("{9A19103F-16F7-4668-BE54-9A1E7A4F7556}") = "Booma.Server.GameServerListService", "src\Booma.Server.GameServerListService\Booma.Server.GameServerListService.csproj", "{E38038AA-83C0-4496-8A03-370C28A8537F}"
EndProject
Global
	GlobalSection(SolutionConfigurationPlatforms) = preSolution
		Debug|Any CPU = Debug|Any CPU
		Release|Any CPU = Release|Any CPU
	EndGlobalSection
	GlobalSection(ProjectConfigurationPlatforms) = postSolution
		{E962D00E-D663-4E4E-BE3C-E6E7F5362547}.Debug|Any CPU.ActiveCfg = Debug|Any CPU
		{E962D00E-D663-4E4E-BE3C-E6E7F5362547}.Debug|Any CPU.Build.0 = Debug|Any CPU
		{E962D00E-D663-4E4E-BE3C-E6E7F5362547}.Release|Any CPU.ActiveCfg = Release|Any CPU
		{E962D00E-D663-4E4E-BE3C-E6E7F5362547}.Release|Any CPU.Build.0 = Release|Any CPU
		{21FCF391-498E-4451-89C7-F84840757B83}.Debug|Any CPU.ActiveCfg = Debug|Any CPU
		{21FCF391-498E-4451-89C7-F84840757B83}.Debug|Any CPU.Build.0 = Debug|Any CPU
		{21FCF391-498E-4451-89C7-F84840757B83}.Release|Any CPU.ActiveCfg = Release|Any CPU
		{21FCF391-498E-4451-89C7-F84840757B83}.Release|Any CPU.Build.0 = Release|Any CPU
		{4B54BE67-3255-46F7-A49D-51CBC6F148C3}.Debug|Any CPU.ActiveCfg = Debug|Any CPU
		{4B54BE67-3255-46F7-A49D-51CBC6F148C3}.Debug|Any CPU.Build.0 = Debug|Any CPU
		{4B54BE67-3255-46F7-A49D-51CBC6F148C3}.Release|Any CPU.ActiveCfg = Release|Any CPU
		{4B54BE67-3255-46F7-A49D-51CBC6F148C3}.Release|Any CPU.Build.0 = Release|Any CPU
		{9D4CF945-A085-4CAC-BB62-15E3ECB4DB7C}.Debug|Any CPU.ActiveCfg = Debug|Any CPU
		{9D4CF945-A085-4CAC-BB62-15E3ECB4DB7C}.Debug|Any CPU.Build.0 = Debug|Any CPU
		{9D4CF945-A085-4CAC-BB62-15E3ECB4DB7C}.Release|Any CPU.ActiveCfg = Release|Any CPU
		{9D4CF945-A085-4CAC-BB62-15E3ECB4DB7C}.Release|Any CPU.Build.0 = Release|Any CPU
		{BB823FE5-7E0C-4218-B3AA-D60135212C74}.Debug|Any CPU.ActiveCfg = Debug|Any CPU
		{BB823FE5-7E0C-4218-B3AA-D60135212C74}.Debug|Any CPU.Build.0 = Debug|Any CPU
		{BB823FE5-7E0C-4218-B3AA-D60135212C74}.Release|Any CPU.ActiveCfg = Release|Any CPU
		{BB823FE5-7E0C-4218-B3AA-D60135212C74}.Release|Any CPU.Build.0 = Release|Any CPU
		{C5AD69AD-9116-4BFD-8F96-137D30A1CE5C}.Debug|Any CPU.ActiveCfg = Debug|Any CPU
		{C5AD69AD-9116-4BFD-8F96-137D30A1CE5C}.Debug|Any CPU.Build.0 = Debug|Any CPU
		{C5AD69AD-9116-4BFD-8F96-137D30A1CE5C}.Release|Any CPU.ActiveCfg = Release|Any CPU
		{C5AD69AD-9116-4BFD-8F96-137D30A1CE5C}.Release|Any CPU.Build.0 = Release|Any CPU
		{113C3B67-E255-4E47-AD25-4387A02E3181}.Debug|Any CPU.ActiveCfg = Debug|Any CPU
		{113C3B67-E255-4E47-AD25-4387A02E3181}.Debug|Any CPU.Build.0 = Debug|Any CPU
		{113C3B67-E255-4E47-AD25-4387A02E3181}.Release|Any CPU.ActiveCfg = Release|Any CPU
		{113C3B67-E255-4E47-AD25-4387A02E3181}.Release|Any CPU.Build.0 = Release|Any CPU
		{E38038AA-83C0-4496-8A03-370C28A8537F}.Debug|Any CPU.ActiveCfg = Debug|Any CPU
		{E38038AA-83C0-4496-8A03-370C28A8537F}.Debug|Any CPU.Build.0 = Debug|Any CPU
		{E38038AA-83C0-4496-8A03-370C28A8537F}.Release|Any CPU.ActiveCfg = Release|Any CPU
		{E38038AA-83C0-4496-8A03-370C28A8537F}.Release|Any CPU.Build.0 = Release|Any CPU
	EndGlobalSection
	GlobalSection(SolutionProperties) = preSolution
		HideSolutionNode = FALSE
	EndGlobalSection
	GlobalSection(NestedProjects) = preSolution
		{E962D00E-D663-4E4E-BE3C-E6E7F5362547} = {7D9FD5C0-739C-4DA0-9F90-F832CBC90100}
		{21FCF391-498E-4451-89C7-F84840757B83} = {7D9FD5C0-739C-4DA0-9F90-F832CBC90100}
		{4B54BE67-3255-46F7-A49D-51CBC6F148C3} = {7D9FD5C0-739C-4DA0-9F90-F832CBC90100}
		{9D4CF945-A085-4CAC-BB62-15E3ECB4DB7C} = {7D9FD5C0-739C-4DA0-9F90-F832CBC90100}
		{BB823FE5-7E0C-4218-B3AA-D60135212C74} = {7D9FD5C0-739C-4DA0-9F90-F832CBC90100}
		{C5AD69AD-9116-4BFD-8F96-137D30A1CE5C} = {7D9FD5C0-739C-4DA0-9F90-F832CBC90100}
		{113C3B67-E255-4E47-AD25-4387A02E3181} = {7D9FD5C0-739C-4DA0-9F90-F832CBC90100}
		{E38038AA-83C0-4496-8A03-370C28A8537F} = {7D9FD5C0-739C-4DA0-9F90-F832CBC90100}
	EndGlobalSection
	GlobalSection(ExtensibilityGlobals) = postSolution
		SolutionGuid = {146E1F83-8720-4378-8D78-F715F01D7FC3}
	EndGlobalSection
EndGlobal
